// !$*UTF8*$!
{
	archiveVersion = 1;
	classes = {
	};
	objectVersion = 46;
	objects = {

/* Begin PBXBuildFile section */
		06D7C20819D8F3C300DEDC23 /* main.m in Sources */ = {isa = PBXBuildFile; fileRef = 06D7C20719D8F3C300DEDC23 /* main.m */; };
		06D7C20B19D8F3C300DEDC23 /* AppDelegate.m in Sources */ = {isa = PBXBuildFile; fileRef = 06D7C20A19D8F3C300DEDC23 /* AppDelegate.m */; };
		06D7C21119D8F3C300DEDC23 /* Main.storyboard in Resources */ = {isa = PBXBuildFile; fileRef = 06D7C20F19D8F3C300DEDC23 /* Main.storyboard */; };
		06D7C21319D8F3C300DEDC23 /* Images.xcassets in Resources */ = {isa = PBXBuildFile; fileRef = 06D7C21219D8F3C300DEDC23 /* Images.xcassets */; };
		06D7C21619D8F3C300DEDC23 /* LaunchScreen.xib in Resources */ = {isa = PBXBuildFile; fileRef = 06D7C21419D8F3C300DEDC23 /* LaunchScreen.xib */; };
		06D7C22219D8F3C300DEDC23 /* SelfSizeCellTestTests.m in Sources */ = {isa = PBXBuildFile; fileRef = 06D7C22119D8F3C300DEDC23 /* SelfSizeCellTestTests.m */; };
		06D7C22D19D8F3F800DEDC23 /* SelfSizeTableViewController.m in Sources */ = {isa = PBXBuildFile; fileRef = 06D7C22C19D8F3F800DEDC23 /* SelfSizeTableViewController.m */; };
		06D7C23019D8F6E900DEDC23 /* SelfSizeTableViewCell.m in Sources */ = {isa = PBXBuildFile; fileRef = 06D7C22F19D8F6E900DEDC23 /* SelfSizeTableViewCell.m */; };
/* End PBXBuildFile section */

/* Begin PBXContainerItemProxy section */
		06D7C21C19D8F3C300DEDC23 /* PBXContainerItemProxy */ = {
			isa = PBXContainerItemProxy;
			containerPortal = 06D7C1FA19D8F3C200DEDC23 /* Project object */;
			proxyType = 1;
			remoteGlobalIDString = 06D7C20119D8F3C300DEDC23;
			remoteInfo = SelfSizeCellTest;
		};
/* End PBXContainerItemProxy section */

/* Begin PBXFileReference section */
		06D7C20219D8F3C300DEDC23 /* SelfSizeCellTest.app */ = {isa = PBXFileReference; explicitFileType = wrapper.application; includeInIndex = 0; path = SelfSizeCellTest.app; sourceTree = BUILT_PRODUCTS_DIR; };
		06D7C20619D8F3C300DEDC23 /* Info.plist */ = {isa = PBXFileReference; lastKnownFileType = text.plist.xml; path = Info.plist; sourceTree = "<group>"; };
		06D7C20719D8F3C300DEDC23 /* main.m */ = {isa = PBXFileReference; lastKnownFileType = sourcecode.c.objc; path = main.m; sourceTree = "<group>"; };
		06D7C20919D8F3C300DEDC23 /* AppDelegate.h */ = {isa = PBXFileReference; lastKnownFileType = sourcecode.c.h; path = AppDelegate.h; sourceTree = "<group>"; };
		06D7C20A19D8F3C300DEDC23 /* AppDelegate.m */ = {isa = PBXFileReference; lastKnownFileType = sourcecode.c.objc; path = AppDelegate.m; sourceTree = "<group>"; };
		06D7C21019D8F3C300DEDC23 /* Base */ = {isa = PBXFileReference; lastKnownFileType = file.storyboard; name = Base; path = Base.lproj/Main.storyboard; sourceTree = "<group>"; };
		06D7C21219D8F3C300DEDC23 /* Images.xcassets */ = {isa = PBXFileReference; lastKnownFileType = folder.assetcatalog; path = Images.xcassets; sourceTree = "<group>"; };
		06D7C21519D8F3C300DEDC23 /* Base */ = {isa = PBXFileReference; lastKnownFileType = file.xib; name = Base; path = Base.lproj/LaunchScreen.xib; sourceTree = "<group>"; };
		06D7C21B19D8F3C300DEDC23 /* SelfSizeCellTestTests.xctest */ = {isa = PBXFileReference; explicitFileType = wrapper.cfbundle; includeInIndex = 0; path = SelfSizeCellTestTests.xctest; sourceTree = BUILT_PRODUCTS_DIR; };
		06D7C22019D8F3C300DEDC23 /* Info.plist */ = {isa = PBXFileReference; lastKnownFileType = text.plist.xml; path = Info.plist; sourceTree = "<group>"; };
		06D7C22119D8F3C300DEDC23 /* SelfSizeCellTestTests.m */ = {isa = PBXFileReference; lastKnownFileType = sourcecode.c.objc; path = SelfSizeCellTestTests.m; sourceTree = "<group>"; };
		06D7C22B19D8F3F800DEDC23 /* SelfSizeTableViewController.h */ = {isa = PBXFileReference; fileEncoding = 4; lastKnownFileType = sourcecode.c.h; path = SelfSizeTableViewController.h; sourceTree = "<group>"; };
		06D7C22C19D8F3F800DEDC23 /* SelfSizeTableViewController.m */ = {isa = PBXFileReference; fileEncoding = 4; lastKnownFileType = sourcecode.c.objc; path = SelfSizeTableViewController.m; sourceTree = "<group>"; };
		06D7C22E19D8F6E900DEDC23 /* SelfSizeTableViewCell.h */ = {isa = PBXFileReference; fileEncoding = 4; lastKnownFileType = sourcecode.c.h; path = SelfSizeTableViewCell.h; sourceTree = "<group>"; };
		06D7C22F19D8F6E900DEDC23 /* SelfSizeTableViewCell.m */ = {isa = PBXFileReference; fileEncoding = 4; lastKnownFileType = sourcecode.c.objc; path = SelfSizeTableViewCell.m; sourceTree = "<group>"; };
/* End PBXFileReference section */

/* Begin PBXFrameworksBuildPhase section */
		06D7C1FF19D8F3C300DEDC23 /* Frameworks */ = {
			isa = PBXFrameworksBuildPhase;
			buildActionMask = 2147483647;
			files = (
			);
			runOnlyForDeploymentPostprocessing = 0;
		};
		06D7C21819D8F3C300DEDC23 /* Frameworks */ = {
			isa = PBXFrameworksBuildPhase;
			buildActionMask = 2147483647;
			files = (
			);
			runOnlyForDeploymentPostprocessing = 0;
		};
/* End PBXFrameworksBuildPhase section */

/* Begin PBXGroup section */
		06D7C1F919D8F3C200DEDC23 = {
			isa = PBXGroup;
			children = (
				06D7C20419D8F3C300DEDC23 /* SelfSizeCellTest */,
				06D7C21E19D8F3C300DEDC23 /* SelfSizeCellTestTests */,
				06D7C20319D8F3C300DEDC23 /* Products */,
			);
			sourceTree = "<group>";
		};
		06D7C20319D8F3C300DEDC23 /* Products */ = {
			isa = PBXGroup;
			children = (
				06D7C20219D8F3C300DEDC23 /* SelfSizeCellTest.app */,
				06D7C21B19D8F3C300DEDC23 /* SelfSizeCellTestTests.xctest */,
			);
			name = Products;
			sourceTree = "<group>";
		};
		06D7C20419D8F3C300DEDC23 /* SelfSizeCellTest */ = {
			isa = PBXGroup;
			children = (
				06D7C20919D8F3C300DEDC23 /* AppDelegate.h */,
				06D7C20A19D8F3C300DEDC23 /* AppDelegate.m */,
				06D7C20F19D8F3C300DEDC23 /* Main.storyboard */,
				06D7C21219D8F3C300DEDC23 /* Images.xcassets */,
				06D7C21419D8F3C300DEDC23 /* LaunchScreen.xib */,
				06D7C20519D8F3C300DEDC23 /* Supporting Files */,
				06D7C22B19D8F3F800DEDC23 /* SelfSizeTableViewController.h */,
				06D7C22C19D8F3F800DEDC23 /* SelfSizeTableViewController.m */,
				06D7C22E19D8F6E900DEDC23 /* SelfSizeTableViewCell.h */,
				06D7C22F19D8F6E900DEDC23 /* SelfSizeTableViewCell.m */,
			);
			path = SelfSizeCellTest;
			sourceTree = "<group>";
		};
		06D7C20519D8F3C300DEDC23 /* Supporting Files */ = {
			isa = PBXGroup;
			children = (
				06D7C20619D8F3C300DEDC23 /* Info.plist */,
				06D7C20719D8F3C300DEDC23 /* main.m */,
			);
			name = "Supporting Files";
			sourceTree = "<group>";
		};
		06D7C21E19D8F3C300DEDC23 /* SelfSizeCellTestTests */ = {
			isa = PBXGroup;
			children = (
				06D7C22119D8F3C300DEDC23 /* SelfSizeCellTestTests.m */,
				06D7C21F19D8F3C300DEDC23 /* Supporting Files */,
			);
			path = SelfSizeCellTestTests;
			sourceTree = "<group>";
		};
		06D7C21F19D8F3C300DEDC23 /* Supporting Files */ = {
			isa = PBXGroup;
			children = (
				06D7C22019D8F3C300DEDC23 /* Info.plist */,
			);
			name = "Supporting Files";
			sourceTree = "<group>";
		};
/* End PBXGroup section */

/* Begin PBXNativeTarget section */
		06D7C20119D8F3C300DEDC23 /* SelfSizeCellTest */ = {
			isa = PBXNativeTarget;
			buildConfigurationList = 06D7C22519D8F3C300DEDC23 /* Build configuration list for PBXNativeTarget "SelfSizeCellTest" */;
			buildPhases = (
				06D7C1FE19D8F3C300DEDC23 /* Sources */,
				06D7C1FF19D8F3C300DEDC23 /* Frameworks */,
				06D7C20019D8F3C300DEDC23 /* Resources */,
			);
			buildRules = (
			);
			dependencies = (
			);
			name = SelfSizeCellTest;
			productName = SelfSizeCellTest;
			productReference = 06D7C20219D8F3C300DEDC23 /* SelfSizeCellTest.app */;
			productType = "com.apple.product-type.application";
		};
		06D7C21A19D8F3C300DEDC23 /* SelfSizeCellTestTests */ = {
			isa = PBXNativeTarget;
			buildConfigurationList = 06D7C22819D8F3C300DEDC23 /* Build configuration list for PBXNativeTarget "SelfSizeCellTestTests" */;
			buildPhases = (
				06D7C21719D8F3C300DEDC23 /* Sources */,
				06D7C21819D8F3C300DEDC23 /* Frameworks */,
				06D7C21919D8F3C300DEDC23 /* Resources */,
			);
			buildRules = (
			);
			dependencies = (
				06D7C21D19D8F3C300DEDC23 /* PBXTargetDependency */,
			);
			name = SelfSizeCellTestTests;
			productName = SelfSizeCellTestTests;
			productReference = 06D7C21B19D8F3C300DEDC23 /* SelfSizeCellTestTests.xctest */;
			productType = "com.apple.product-type.bundle.unit-test";
		};
/* End PBXNativeTarget section */

/* Begin PBXProject section */
		06D7C1FA19D8F3C200DEDC23 /* Project object */ = {
			isa = PBXProject;
			attributes = {
				LastUpgradeCheck = 0600;
				ORGANIZATIONNAME = AnyApps;
				TargetAttributes = {
					06D7C20119D8F3C300DEDC23 = {
						CreatedOnToolsVersion = 6.0.1;
					};
					06D7C21A19D8F3C300DEDC23 = {
						CreatedOnToolsVersion = 6.0.1;
						TestTargetID = 06D7C20119D8F3C300DEDC23;
					};
				};
			};
			buildConfigurationList = 06D7C1FD19D8F3C200DEDC23 /* Build configuration list for PBXProject "SelfSizeCellTest" */;
			compatibilityVersion = "Xcode 3.2";
			developmentRegion = English;
			hasScannedForEncodings = 0;
			knownRegions = (
				en,
				Base,
			);
			mainGroup = 06D7C1F919D8F3C200DEDC23;
			productRefGroup = 06D7C20319D8F3C300DEDC23 /* Products */;
			projectDirPath = "";
			projectRoot = "";
			targets = (
				06D7C20119D8F3C300DEDC23 /* SelfSizeCellTest */,
				06D7C21A19D8F3C300DEDC23 /* SelfSizeCellTestTests */,
			);
		};
/* End PBXProject section */

/* Begin PBXResourcesBuildPhase section */
		06D7C20019D8F3C300DEDC23 /* Resources */ = {
			isa = PBXResourcesBuildPhase;
			buildActionMask = 2147483647;
			files = (
				06D7C21119D8F3C300DEDC23 /* Main.storyboard in Resources */,
				06D7C21619D8F3C300DEDC23 /* LaunchScreen.xib in Resources */,
				06D7C21319D8F3C300DEDC23 /* Images.xcassets in Resources */,
			);
			runOnlyForDeploymentPostprocessing = 0;
		};
		06D7C21919D8F3C300DEDC23 /* Resources */ = {
			isa = PBXResourcesBuildPhase;
			buildActionMask = 2147483647;
			files = (
			);
			runOnlyForDeploymentPostprocessing = 0;
		};
/* End PBXResourcesBuildPhase section */

/* Begin PBXSourcesBuildPhase section */
		06D7C1FE19D8F3C300DEDC23 /* Sources */ = {
			isa = PBXSourcesBuildPhase;
			buildActionMask = 2147483647;
			files = (
				06D7C22D19D8F3F800DEDC23 /* SelfSizeTableViewController.m in Sources */,
				06D7C20B19D8F3C300DEDC23 /* AppDelegate.m in Sources */,
				06D7C23019D8F6E900DEDC23 /* SelfSizeTableViewCell.m in Sources */,
				06D7C20819D8F3C300DEDC23 /* main.m in Sources */,
			);
			runOnlyForDeploymentPostprocessing = 0;
		};
		06D7C21719D8F3C300DEDC23 /* Sources */ = {
			isa = PBXSourcesBuildPhase;
			buildActionMask = 2147483647;
			files = (
				06D7C22219D8F3C300DEDC23 /* SelfSizeCellTestTests.m in Sources */,
			);
			runOnlyForDeploymentPostprocessing = 0;
		};
/* End PBXSourcesBuildPhase section */

/* Begin PBXTargetDependency section */
		06D7C21D19D8F3C300DEDC23 /* PBXTargetDependency */ = {
			isa = PBXTargetDependency;
			target = 06D7C20119D8F3C300DEDC23 /* SelfSizeCellTest */;
			targetProxy = 06D7C21C19D8F3C300DEDC23 /* PBXContainerItemProxy */;
		};
/* End PBXTargetDependency section */

/* Begin PBXVariantGroup section */
		06D7C20F19D8F3C300DEDC23 /* Main.storyboard */ = {
			isa = PBXVariantGroup;
			children = (
				06D7C21019D8F3C300DEDC23 /* Base */,
			);
			name = Main.storyboard;
			sourceTree = "<group>";
		};
		06D7C21419D8F3C300DEDC23 /* LaunchScreen.xib */ = {
			isa = PBXVariantGroup;
			children = (
				06D7C21519D8F3C300DEDC23 /* Base */,
			);
			name = LaunchScreen.xib;
			sourceTree = "<group>";
		};
/* End PBXVariantGroup section */

/* Begin XCBuildConfiguration section */
		06D7C22319D8F3C300DEDC23 /* Debug */ = {
			isa = XCBuildConfiguration;
			buildSettings = {
				ALWAYS_SEARCH_USER_PATHS = NO;
				CLANG_CXX_LANGUAGE_STANDARD = "gnu++0x";
				CLANG_CXX_LIBRARY = "libc++";
				CLANG_ENABLE_MODULES = YES;
				CLANG_ENABLE_OBJC_ARC = YES;
				CLANG_WARN_BOOL_CONVERSION = YES;
				CLANG_WARN_CONSTANT_CONVERSION = YES;
				CLANG_WARN_DIRECT_OBJC_ISA_USAGE = YES_ERROR;
				CLANG_WARN_EMPTY_BODY = YES;
				CLANG_WARN_ENUM_CONVERSION = YES;
				CLANG_WARN_INT_CONVERSION = YES;
				CLANG_WARN_OBJC_ROOT_CLASS = YES_ERROR;
				CLANG_WARN_UNREACHABLE_CODE = YES;
				CLANG_WARN__DUPLICATE_METHOD_MATCH = YES;
				"CODE_SIGN_IDENTITY[sdk=iphoneos*]" = "iPhone Developer";
				COPY_PHASE_STRIP = NO;
				ENABLE_STRICT_OBJC_MSGSEND = YES;
				GCC_C_LANGUAGE_STANDARD = gnu99;
				GCC_DYNAMIC_NO_PIC = NO;
				GCC_OPTIMIZATION_LEVEL = 0;
				GCC_PREPROCESSOR_DEFINITIONS = (
					"DEBUG=1",
					"$(inherited)",
				);
				GCC_SYMBOLS_PRIVATE_EXTERN = NO;
				GCC_WARN_64_TO_32_BIT_CONVERSION = YES;
				GCC_WARN_ABOUT_RETURN_TYPE = YES_ERROR;
				GCC_WARN_UNDECLARED_SELECTOR = YES;
				GCC_WARN_UNINITIALIZED_AUTOS = YES_AGGRESSIVE;
				GCC_WARN_UNUSED_FUNCTION = YES;
				GCC_WARN_UNUSED_VARIABLE = YES;
				IPHONEOS_DEPLOYMENT_TARGET = 8.0;
				MTL_ENABLE_DEBUG_INFO = YES;
				ONLY_ACTIVE_ARCH = YES;
				SDKROOT = iphoneos;
			};
			name = Debug;
		};
		06D7C22419D8F3C300DEDC23 /* Release */ = {
			isa = XCBuildConfiguration;
			buildSettings = {
				ALWAYS_SEARCH_USER_PATHS = NO;
				CLANG_CXX_LANGUAGE_STANDARD = "gnu++0x";
				CLANG_CXX_LIBRARY = "libc++";
				CLANG_ENABLE_MODULES = YES;
				CLANG_ENABLE_OBJC_ARC = YES;
				CLANG_WARN_BOOL_CONVERSION = YES;
				CLANG_WARN_CONSTANT_CONVERSION = YES;
				CLANG_WARN_DIRECT_OBJC_ISA_USAGE = YES_ERROR;
				CLANG_WARN_EMPTY_BODY = YES;
				CLANG_WARN_ENUM_CONVERSION = YES;
				CLANG_WARN_INT_CONVERSION = YES;
				CLANG_WARN_OBJC_ROOT_CLASS = YES_ERROR;
				CLANG_WARN_UNREACHABLE_CODE = YES;
				CLANG_WARN__DUPLICATE_METHOD_MATCH = YES;
				"CODE_SIGN_IDENTITY[sdk=iphoneos*]" = "iPhone Developer";
				COPY_PHASE_STRIP = YES;
				ENABLE_NS_ASSERTIONS = NO;
				ENABLE_STRICT_OBJC_MSGSEND = YES;
				GCC_C_LANGUAGE_STANDARD = gnu99;
				GCC_WARN_64_TO_32_BIT_CONVERSION = YES;
				GCC_WARN_ABOUT_RETURN_TYPE = YES_ERROR;
				GCC_WARN_UNDECLARED_SELECTOR = YES;
				GCC_WARN_UNINITIALIZED_AUTOS = YES_AGGRESSIVE;
				GCC_WARN_UNUSED_FUNCTION = YES;
				GCC_WARN_UNUSED_VARIABLE = YES;
				IPHONEOS_DEPLOYMENT_TARGET = 8.0;
				MTL_ENABLE_DEBUG_INFO = NO;
				SDKROOT = iphoneos;
				VALIDATE_PRODUCT = YES;
			};
			name = Release;
		};
		06D7C22619D8F3C300DEDC23 /* Debug */ = {
			isa = XCBuildConfiguration;
			buildSettings = {
				ASSETCATALOG_COMPILER_APPICON_NAME = AppIcon;
				INFOPLIST_FILE = SelfSizeCellTest/Info.plist;
				LD_RUNPATH_SEARCH_PATHS = "$(inherited) @executable_path/Frameworks";
				PRODUCT_NAME = "$(TARGET_NAME)";
			};
			name = Debug;
		};
		06D7C22719D8F3C300DEDC23 /* Release */ = {
			isa = XCBuildConfiguration;
			buildSettings = {
				ASSETCATALOG_COMPILER_APPICON_NAME = AppIcon;
				INFOPLIST_FILE = SelfSizeCellTest/Info.plist;
				LD_RUNPATH_SEARCH_PATHS = "$(inherited) @executable_path/Frameworks";
				PRODUCT_NAME = "$(TARGET_NAME)";
			};
			name = Release;
		};
		06D7C22919D8F3C300DEDC23 /* Debug */ = {
			isa = XCBuildConfiguration;
			buildSettings = {
				BUNDLE_LOADER = "$(TEST_HOST)";
				FRAMEWORK_SEARCH_PATHS = (
					"$(SDKROOT)/Developer/Library/Frameworks",
					"$(inherited)",
				);
				GCC_PREPROCESSOR_DEFINITIONS = (
					"DEBUG=1",
					"$(inherited)",
				);
				INFOPLIST_FILE = SelfSizeCellTestTests/Info.plist;
				LD_RUNPATH_SEARCH_PATHS = "$(inherited) @executable_path/Frameworks @loader_path/Frameworks";
				PRODUCT_NAME = "$(TARGET_NAME)";
				TEST_HOST = "$(BUILT_PRODUCTS_DIR)/SelfSizeCellTest.app/SelfSizeCellTest";
			};
			name = Debug;
		};
		06D7C22A19D8F3C300DEDC23 /* Release */ = {
			isa = XCBuildConfiguration;
			buildSettings = {
				BUNDLE_LOADER = "$(TEST_HOST)";
				FRAMEWORK_SEARCH_PATHS = (
					"$(SDKROOT)/Developer/Library/Frameworks",
					"$(inherited)",
				);
				INFOPLIST_FILE = SelfSizeCellTestTests/Info.plist;
				LD_RUNPATH_SEARCH_PATHS = "$(inherited) @executable_path/Frameworks @loader_path/Frameworks";
				PRODUCT_NAME = "$(TARGET_NAME)";
				TEST_HOST = "$(BUILT_PRODUCTS_DIR)/SelfSizeCellTest.app/SelfSizeCellTest";
			};
			name = Release;
		};
/* End XCBuildConfiguration section */

/* Begin XCConfigurationList section */
		06D7C1FD19D8F3C200DEDC23 /* Build configuration list for PBXProject "SelfSizeCellTest" */ = {
			isa = XCConfigurationList;
			buildConfigurations = (
				06D7C22319D8F3C300DEDC23 /* Debug */,
				06D7C22419D8F3C300DEDC23 /* Release */,
			);
			defaultConfigurationIsVisible = 0;
			defaultConfigurationName = Release;
		};
		06D7C22519D8F3C300DEDC23 /* Build configuration list for PBXNativeTarget "SelfSizeCellTest" */ = {
			isa = XCConfigurationList;
			buildConfigurations = (
				06D7C22619D8F3C300DEDC23 /* Debug */,
				06D7C22719D8F3C300DEDC23 /* Release */,
			);
			defaultConfigurationIsVisible = 0;
		};
		06D7C22819D8F3C300DEDC23 /* Build configuration list for PBXNativeTarget "SelfSizeCellTestTests" */ = {
			isa = XCConfigurationList;
			buildConfigurations = (
				06D7C22919D8F3C300DEDC23 /* Debug */,
				06D7C22A19D8F3C300DEDC23 /* Release */,
			);
			defaultConfigurationIsVisible = 0;
		};
/* End XCConfigurationList section */
	};
	rootObject = 06D7C1FA19D8F3C200DEDC23 /* Project object */;
}
